
Microsoft Visual Studio Solution File, Format Version 12.00
# Visual Studio Version 16
VisualStudioVersion = 16.0.29806.167
MinimumVisualStudioVersion = 10.0.40219.1
Project("{FAE04EC0-301F-11D3-BF4B-00C04F79EFBC}") = "web", "web\web.csproj", "{86DFEFD8-109F-41ED-AD59-0C59CF3D374A}"
EndProject
Project("{FAE04EC0-301F-11D3-BF4B-00C04F79EFBC}") = "Infrastructure", "ClassLibrary1\Infrastructure.csproj", "{80716748-C731-4DEE-8AC4-5A8DCA955409}"
EndProject
Project("{FAE04EC0-301F-11D3-BF4B-00C04F79EFBC}") = "Core", "Infrastrucer\Core.csproj", "{791C5EAA-2228-4F1C-A265-9FA2776E560F}"
EndProject
Global
	GlobalSection(SolutionConfigurationPlatforms) = preSolution
		Debug|Any CPU = Debug|Any CPU
		Release|Any CPU = Release|Any CPU
	EndGlobalSection
	GlobalSection(ProjectConfigurationPlatforms) = postSolution
		{86DFEFD8-109F-41ED-AD59-0C59CF3D374A}.Debug|Any CPU.ActiveCfg = Debug|Any CPU
		{86DFEFD8-109F-41ED-AD59-0C59CF3D374A}.Debug|Any CPU.Build.0 = Debug|Any CPU
		{86DFEFD8-109F-41ED-AD59-0C59CF3D374A}.Release|Any CPU.ActiveCfg = Release|Any CPU
		{86DFEFD8-109F-41ED-AD59-0C59CF3D374A}.Release|Any CPU.Build.0 = Release|Any CPU
		{80716748-C731-4DEE-8AC4-5A8DCA955409}.Debug|Any CPU.ActiveCfg = Debug|Any CPU
		{80716748-C731-4DEE-8AC4-5A8DCA955409}.Debug|Any CPU.Build.0 = Debug|Any CPU
		{80716748-C731-4DEE-8AC4-5A8DCA955409}.Release|Any CPU.ActiveCfg = Release|Any CPU
		{80716748-C731-4DEE-8AC4-5A8DCA955409}.Release|Any CPU.Build.0 = Release|Any CPU
		{791C5EAA-2228-4F1C-A265-9FA2776E560F}.Debug|Any CPU.ActiveCfg = Debug|Any CPU
		{791C5EAA-2228-4F1C-A265-9FA2776E560F}.Debug|Any CPU.Build.0 = Debug|Any CPU
		{791C5EAA-2228-4F1C-A265-9FA2776E560F}.Release|Any CPU.ActiveCfg = Release|Any CPU
		{791C5EAA-2228-4F1C-A265-9FA2776E560F}.Release|Any CPU.Build.0 = Release|Any CPU
	EndGlobalSection
	GlobalSection(SolutionProperties) = preSolution
		HideSolutionNode = FALSE
	EndGlobalSection
	GlobalSection(ExtensibilityGlobals) = postSolution
		SolutionGuid = {396EA611-C8D3-46FB-AEF8-D0F370F7224B}
	EndGlobalSection
EndGlobal
